
Microsoft Visual Studio Solution File, Format Version 12.00
# Visual Studio Version 16
VisualStudioVersion = 16.0.30611.23
MinimumVisualStudioVersion = 10.0.40219.1
Project("{FAE04EC0-301F-11D3-BF4B-00C04F79EFBC}") = "Messager", "Messager\Messager.csproj", "{F3DCD45F-3C03-43C7-8AD8-8224AB7815D0}"
EndProject
Global
	GlobalSection(SolutionConfigurationPlatforms) = preSolution
		Debug|Any CPU = Debug|Any CPU
		Release|Any CPU = Release|Any CPU
	EndGlobalSection
	GlobalSection(ProjectConfigurationPlatforms) = postSolution
		{F3DCD45F-3C03-43C7-8AD8-8224AB7815D0}.Debug|Any CPU.ActiveCfg = Debug|Any CPU
		{F3DCD45F-3C03-43C7-8AD8-8224AB7815D0}.Debug|Any CPU.Build.0 = Debug|Any CPU
		{F3DCD45F-3C03-43C7-8AD8-8224AB7815D0}.Release|Any CPU.ActiveCfg = Release|Any CPU
		{F3DCD45F-3C03-43C7-8AD8-8224AB7815D0}.Release|Any CPU.Build.0 = Release|Any CPU
	EndGlobalSection
	GlobalSection(SolutionProperties) = preSolution
		HideSolutionNode = FALSE
	EndGlobalSection
	GlobalSection(ExtensibilityGlobals) = postSolution
		SolutionGuid = {EB40B678-CADE-4EB7-A59C-1FF5BCC560D4}
	EndGlobalSection
EndGlobal
