
Microsoft Visual Studio Solution File, Format Version 12.00
# Visual Studio Version 16
VisualStudioVersion = 16.0.30523.141
MinimumVisualStudioVersion = 10.0.40219.1
Project("{FAE04EC0-301F-11D3-BF4B-00C04F79EFBC}") = "MatrixCalculator", "MatrixCalculator\MatrixCalculator.csproj", "{46EF55EE-31DD-464B-A0E4-2CC3950DCC1C}"
EndProject
Global
	GlobalSection(SolutionConfigurationPlatforms) = preSolution
		Debug|Any CPU = Debug|Any CPU
		Release|Any CPU = Release|Any CPU
	EndGlobalSection
	GlobalSection(ProjectConfigurationPlatforms) = postSolution
		{46EF55EE-31DD-464B-A0E4-2CC3950DCC1C}.Debug|Any CPU.ActiveCfg = Debug|Any CPU
		{46EF55EE-31DD-464B-A0E4-2CC3950DCC1C}.Debug|Any CPU.Build.0 = Debug|Any CPU
		{46EF55EE-31DD-464B-A0E4-2CC3950DCC1C}.Release|Any CPU.ActiveCfg = Release|Any CPU
		{46EF55EE-31DD-464B-A0E4-2CC3950DCC1C}.Release|Any CPU.Build.0 = Release|Any CPU
	EndGlobalSection
	GlobalSection(SolutionProperties) = preSolution
		HideSolutionNode = FALSE
	EndGlobalSection
	GlobalSection(ExtensibilityGlobals) = postSolution
		SolutionGuid = {24238722-31DF-438E-8441-DCC910D2B8CC}
	EndGlobalSection
EndGlobal
