
Microsoft Visual Studio Solution File, Format Version 12.00
# Visual Studio Version 16
VisualStudioVersion = 16.0.30611.23
MinimumVisualStudioVersion = 10.0.40219.1
Project("{FAE04EC0-301F-11D3-BF4B-00C04F79EFBC}") = "Orders", "Orders\Orders.csproj", "{8FD94AC2-DF78-4C08-BDD5-0F20A390E6ED}"
EndProject
Global
	GlobalSection(SolutionConfigurationPlatforms) = preSolution
		Debug|Any CPU = Debug|Any CPU
		Release|Any CPU = Release|Any CPU
	EndGlobalSection
	GlobalSection(ProjectConfigurationPlatforms) = postSolution
		{8FD94AC2-DF78-4C08-BDD5-0F20A390E6ED}.Debug|Any CPU.ActiveCfg = Debug|Any CPU
		{8FD94AC2-DF78-4C08-BDD5-0F20A390E6ED}.Debug|Any CPU.Build.0 = Debug|Any CPU
		{8FD94AC2-DF78-4C08-BDD5-0F20A390E6ED}.Release|Any CPU.ActiveCfg = Release|Any CPU
		{8FD94AC2-DF78-4C08-BDD5-0F20A390E6ED}.Release|Any CPU.Build.0 = Release|Any CPU
	EndGlobalSection
	GlobalSection(SolutionProperties) = preSolution
		HideSolutionNode = FALSE
	EndGlobalSection
	GlobalSection(ExtensibilityGlobals) = postSolution
		SolutionGuid = {E403174C-8C9A-4194-A091-EB3C7FBBF980}
	EndGlobalSection
EndGlobal
