
Microsoft Visual Studio Solution File, Format Version 12.00
# Visual Studio Version 16
VisualStudioVersion = 16.0.30611.23
MinimumVisualStudioVersion = 10.0.40219.1
Project("{FAE04EC0-301F-11D3-BF4B-00C04F79EFBC}") = "DataAnalysis2", "DataAnalysis2\DataAnalysis2.csproj", "{136C2D98-CE76-4B81-A6C0-D2E61B017403}"
EndProject
Global
	GlobalSection(SolutionConfigurationPlatforms) = preSolution
		Debug|Any CPU = Debug|Any CPU
		Release|Any CPU = Release|Any CPU
	EndGlobalSection
	GlobalSection(ProjectConfigurationPlatforms) = postSolution
		{136C2D98-CE76-4B81-A6C0-D2E61B017403}.Debug|Any CPU.ActiveCfg = Debug|Any CPU
		{136C2D98-CE76-4B81-A6C0-D2E61B017403}.Debug|Any CPU.Build.0 = Debug|Any CPU
		{136C2D98-CE76-4B81-A6C0-D2E61B017403}.Release|Any CPU.ActiveCfg = Release|Any CPU
		{136C2D98-CE76-4B81-A6C0-D2E61B017403}.Release|Any CPU.Build.0 = Release|Any CPU
	EndGlobalSection
	GlobalSection(SolutionProperties) = preSolution
		HideSolutionNode = FALSE
	EndGlobalSection
	GlobalSection(ExtensibilityGlobals) = postSolution
		SolutionGuid = {D01A32B8-B338-494F-9E10-5D6F82BD2ED0}
	EndGlobalSection
EndGlobal
